
Microsoft Visual Studio Solution File, Format Version 12.00
# Visual Studio Version 16
VisualStudioVersion = 16.0.30804.86
MinimumVisualStudioVersion = 10.0.40219.1
Project("{FAE04EC0-301F-11D3-BF4B-00C04F79EFBC}") = "PractTRPO", "PractTRPO\PractTRPO.csproj", "{6FA96A6E-0A9E-4596-9F4F-7350E6F86ACA}"
EndProject
Global
	GlobalSection(SolutionConfigurationPlatforms) = preSolution
		Debug|Any CPU = Debug|Any CPU
		Release|Any CPU = Release|Any CPU
	EndGlobalSection
	GlobalSection(ProjectConfigurationPlatforms) = postSolution
		{6FA96A6E-0A9E-4596-9F4F-7350E6F86ACA}.Debug|Any CPU.ActiveCfg = Debug|Any CPU
		{6FA96A6E-0A9E-4596-9F4F-7350E6F86ACA}.Debug|Any CPU.Build.0 = Debug|Any CPU
		{6FA96A6E-0A9E-4596-9F4F-7350E6F86ACA}.Release|Any CPU.ActiveCfg = Release|Any CPU
		{6FA96A6E-0A9E-4596-9F4F-7350E6F86ACA}.Release|Any CPU.Build.0 = Release|Any CPU
	EndGlobalSection
	GlobalSection(SolutionProperties) = preSolution
		HideSolutionNode = FALSE
	EndGlobalSection
	GlobalSection(ExtensibilityGlobals) = postSolution
		SolutionGuid = {85E3939F-BB79-4A01-AC26-4765333FF965}
	EndGlobalSection
EndGlobal
